
Microsoft Visual Studio Solution File, Format Version 12.00
# Visual Studio Version 17
VisualStudioVersion = 17.0.31903.59
MinimumVisualStudioVersion = 10.0.40219.1
Project("{FAE04EC0-301F-11D3-BF4B-00C04F79EFBC}") = "Portlink.Core", "Portlink.Core\ApprenticeApp.Core.csproj", "{3ABD3C76-2419-41FD-AC70-C2CECDDA00CC}"
EndProject
Project("{FAE04EC0-301F-11D3-BF4B-00C04F79EFBC}") = "Portlink.Api", "Portlink.Api\ApprenticeApp.Api.csproj", "{E495956E-E904-46B2-B44C-A3783C568A7A}"
EndProject
Project("{FAE04EC0-301F-11D3-BF4B-00C04F79EFBC}") = "Portlink.Tests", "Portlink.Tests\ApprenticeApp.Tests.csproj", "{AE16AA0D-484B-422D-BC04-50FA77F91F27}"
EndProject
Global
	GlobalSection(SolutionConfigurationPlatforms) = preSolution
		Debug|Any CPU = Debug|Any CPU
		Release|Any CPU = Release|Any CPU
	EndGlobalSection
	GlobalSection(SolutionProperties) = preSolution
		HideSolutionNode = FALSE
	EndGlobalSection
	GlobalSection(ProjectConfigurationPlatforms) = postSolution
		{3ABD3C76-2419-41FD-AC70-C2CECDDA00CC}.Debug|Any CPU.ActiveCfg = Debug|Any CPU
		{3ABD3C76-2419-41FD-AC70-C2CECDDA00CC}.Debug|Any CPU.Build.0 = Debug|Any CPU
		{3ABD3C76-2419-41FD-AC70-C2CECDDA00CC}.Release|Any CPU.ActiveCfg = Release|Any CPU
		{3ABD3C76-2419-41FD-AC70-C2CECDDA00CC}.Release|Any CPU.Build.0 = Release|Any CPU
		{E495956E-E904-46B2-B44C-A3783C568A7A}.Debug|Any CPU.ActiveCfg = Debug|Any CPU
		{E495956E-E904-46B2-B44C-A3783C568A7A}.Debug|Any CPU.Build.0 = Debug|Any CPU
		{E495956E-E904-46B2-B44C-A3783C568A7A}.Release|Any CPU.ActiveCfg = Release|Any CPU
		{E495956E-E904-46B2-B44C-A3783C568A7A}.Release|Any CPU.Build.0 = Release|Any CPU
		{AE16AA0D-484B-422D-BC04-50FA77F91F27}.Debug|Any CPU.ActiveCfg = Debug|Any CPU
		{AE16AA0D-484B-422D-BC04-50FA77F91F27}.Debug|Any CPU.Build.0 = Debug|Any CPU
		{AE16AA0D-484B-422D-BC04-50FA77F91F27}.Release|Any CPU.ActiveCfg = Release|Any CPU
		{AE16AA0D-484B-422D-BC04-50FA77F91F27}.Release|Any CPU.Build.0 = Release|Any CPU
	EndGlobalSection
EndGlobal
